{
  "nodes": {
    "editorconfig": {
      "flake": false,
      "locked": {
        "lastModified": 1732493550,
        "narHash": "sha256-69rw3o5K1VmIXnj2Npr+HRLElrrRXQcyOn1VJo97mds=",
        "owner": "Ookiiboy",
        "repo": "editor-config",
        "rev": "f9ef26e6a93a002c1d08e0d2624ca33b2fbf5448",
        "type": "github"
      },
      "original": {
        "owner": "Ookiiboy",
        "repo": "editor-config",
        "type": "github"
      }
    },
    "flake-compat": {
      "flake": false,
      "locked": {
        "lastModified": 1696426674,
        "narHash": "sha256-kvjfFW7WAETZlt09AgDn1MrtKzP7t90Vf7vypd3OL1U=",
        "owner": "edolstra",
        "repo": "flake-compat",
        "rev": "0f9255e01c2351cc7d116c072cb317785dd33b33",
        "type": "github"
      },
      "original": {
        "owner": "edolstra",
        "repo": "flake-compat",
        "type": "github"
      }
    },
    "flake-utils": {
      "inputs": {
        "systems": [
          "nix-systems"
        ]
      },
      "locked": {
        "lastModified": 1731533236,
        "narHash": "sha256-l0KFg5HjrsfsO/JpG+r7fRrqm12kzFHyUHqHCVpMMbI=",
        "owner": "numtide",
        "repo": "flake-utils",
        "rev": "11707dc2f618dd54ca8739b309ec4fc024de578b",
        "type": "github"
      },
      "original": {
        "owner": "numtide",
        "repo": "flake-utils",
        "type": "github"
      }
    },
    "git-hooks": {
      "inputs": {
        "flake-compat": "flake-compat",
        "gitignore": "gitignore",
        "nixpkgs": [
          "nixpkgs"
        ]
      },
      "locked": {
        "lastModified": 1742649964,
        "narHash": "sha256-DwOTp7nvfi8mRfuL1escHDXabVXFGT1VlPD1JHrtrco=",
        "owner": "cachix",
        "repo": "git-hooks.nix",
        "rev": "dcf5072734cb576d2b0c59b2ac44f5050b5eac82",
        "type": "github"
      },
      "original": {
        "owner": "cachix",
        "repo": "git-hooks.nix",
        "type": "github"
      }
    },
    "gitignore": {
      "inputs": {
        "nixpkgs": [
          "git-hooks",
          "nixpkgs"
        ]
      },
      "locked": {
        "lastModified": 1709087332,
        "narHash": "sha256-HG2cCnktfHsKV0s4XW83gU3F57gaTljL9KNSuG6bnQs=",
        "owner": "hercules-ci",
        "repo": "gitignore.nix",
        "rev": "637db329424fd7e46cf4185293b9cc8c88c95394",
        "type": "github"
      },
      "original": {
        "owner": "hercules-ci",
        "repo": "gitignore.nix",
        "type": "github"
      }
    },
    "gitignore-repo": {
      "flake": false,
      "locked": {
        "lastModified": 1734545709,
        "narHash": "sha256-Gu6ICfAC0c6/tBSOeIH5b5utseFYrr3f9uKnn8KAWJM=",
        "owner": "github",
        "repo": "gitignore",
        "rev": "6eeebe6f49678aacd8311ce079842c971b3ebe96",
        "type": "github"
      },
      "original": {
        "owner": "github",
        "repo": "gitignore",
        "type": "github"
      }
    },
    "ignoreboy": {
      "inputs": {
        "editorconfig": "editorconfig",
        "gitignore-repo": "gitignore-repo",
        "nixpkgs": [
          "nixpkgs"
        ],
        "pre-commit-hooks": [
          "git-hooks"
        ],
        "systems": [
          "nix-systems"
        ]
      },
      "locked": {
        "lastModified": 1736803265,
        "narHash": "sha256-KEk/3awXCYzVF/T/jHLAYk7fbgkrU4O+yeXLKpfStoM=",
        "owner": "ookiiboy",
        "repo": "ignoreboy",
        "rev": "d0252b39b1538a92e18cfd29fd1f841057085ca7",
        "type": "github"
      },
      "original": {
        "owner": "ookiiboy",
        "repo": "ignoreboy",
        "type": "github"
      }
    },
    "nix-systems": {
      "locked": {
        "lastModified": 1681028828,
        "narHash": "sha256-Vy1rq5AaRuLzOxct8nz4T6wlgyUR7zLU309k9mBC768=",
        "owner": "nix-systems",
        "repo": "default",
        "rev": "da67096a3b9bf56a91d16901293e51ba5b49a27e",
        "type": "github"
      },
      "original": {
        "owner": "nix-systems",
        "repo": "default",
        "type": "github"
      }
    },
    "nixpkgs": {
      "locked": {
        "lastModified": 1742937945,
        "narHash": "sha256-lWc+79eZRyvHp/SqMhHTMzZVhpxkRvthsP1Qx6UCq0E=",
        "owner": "nixos",
        "repo": "nixpkgs",
        "rev": "d02d88f8de5b882ccdde0465d8fa2db3aa1169f7",
        "type": "github"
      },
      "original": {
        "owner": "nixos",
        "ref": "nixos-24.11",
        "repo": "nixpkgs",
        "type": "github"
      }
    },
    "root": {
      "inputs": {
        "flake-utils": "flake-utils",
        "git-hooks": "git-hooks",
        "ignoreboy": "ignoreboy",
        "nix-systems": "nix-systems",
        "nixpkgs": "nixpkgs",
        "treefmt-nix": "treefmt-nix"
      }
    },
    "treefmt-nix": {
      "inputs": {
        "nixpkgs": [
          "nixpkgs"
        ]
      },
      "locked": {
        "lastModified": 1743081648,
        "narHash": "sha256-WRAylyYptt6OX5eCEBWyTwOEqEtD6zt33rlUkr6u3cE=",
        "owner": "numtide",
        "repo": "treefmt-nix",
        "rev": "29a3d7b768c70addce17af0869f6e2bd8f5be4b7",
        "type": "github"
      },
      "original": {
        "owner": "numtide",
        "repo": "treefmt-nix",
        "type": "github"
      }
    }
  },
  "root": "root",
  "version": 7
}
